
Microsoft Visual Studio Solution File, Format Version 12.00
# Visual Studio Version 16
VisualStudioVersion = 16.0.30413.136
MinimumVisualStudioVersion = 10.0.40219.1
Project("{9A19103F-16F7-4668-BE54-9A1E7A4F7556}") = "Vendas.Application.Tests", "Vendas.Application.Tests\Vendas.Application.Tests.csproj", "{B5FFBD61-AAC0-47C8-A327-7B761609C31E}"
EndProject
Project("{9A19103F-16F7-4668-BE54-9A1E7A4F7556}") = "Vendas.Domain", "Vendas.Domain\Vendas.Domain.csproj", "{97F4371E-43FF-4E45-BAAA-8A89FABC71B5}"
EndProject
Project("{9A19103F-16F7-4668-BE54-9A1E7A4F7556}") = "Vendas.Application", "Vendas.Application\Vendas.Application.csproj", "{084680A6-6242-4822-A24F-7A30B694D281}"
EndProject
Project("{2150E333-8FDC-42A3-9474-1A3956D46DE8}") = "0 Core", "0 Core", "{30B3A8C7-CB2B-4B7D-BA47-3CDFF2FF01F2}"
EndProject
Project("{2150E333-8FDC-42A3-9474-1A3956D46DE8}") = "1 Infra", "1 Infra", "{35BA7B82-46D4-4996-B57D-9BFC348190E2}"
EndProject
Project("{FAE04EC0-301F-11D3-BF4B-00C04F79EFBC}") = "Vendas.DbAdapter", "Vendas.DbAdapter\Vendas.DbAdapter.csproj", "{B00D040A-DAE2-4552-9B73-3D34BACA8CB5}"
EndProject
Project("{2150E333-8FDC-42A3-9474-1A3956D46DE8}") = "2 Presentation", "2 Presentation", "{76025202-3E54-4B54-AD3C-C6E69F67F845}"
EndProject
Project("{FAE04EC0-301F-11D3-BF4B-00C04F79EFBC}") = "Vendas.WebApi", "Vendas.WebApi\Vendas.WebApi.csproj", "{55D459A6-2CA3-43D1-A2DD-21089F356649}"
EndProject
Global
	GlobalSection(SolutionConfigurationPlatforms) = preSolution
		Debug|Any CPU = Debug|Any CPU
		Release|Any CPU = Release|Any CPU
	EndGlobalSection
	GlobalSection(ProjectConfigurationPlatforms) = postSolution
		{B5FFBD61-AAC0-47C8-A327-7B761609C31E}.Debug|Any CPU.ActiveCfg = Debug|Any CPU
		{B5FFBD61-AAC0-47C8-A327-7B761609C31E}.Debug|Any CPU.Build.0 = Debug|Any CPU
		{B5FFBD61-AAC0-47C8-A327-7B761609C31E}.Release|Any CPU.ActiveCfg = Release|Any CPU
		{B5FFBD61-AAC0-47C8-A327-7B761609C31E}.Release|Any CPU.Build.0 = Release|Any CPU
		{97F4371E-43FF-4E45-BAAA-8A89FABC71B5}.Debug|Any CPU.ActiveCfg = Debug|Any CPU
		{97F4371E-43FF-4E45-BAAA-8A89FABC71B5}.Debug|Any CPU.Build.0 = Debug|Any CPU
		{97F4371E-43FF-4E45-BAAA-8A89FABC71B5}.Release|Any CPU.ActiveCfg = Release|Any CPU
		{97F4371E-43FF-4E45-BAAA-8A89FABC71B5}.Release|Any CPU.Build.0 = Release|Any CPU
		{084680A6-6242-4822-A24F-7A30B694D281}.Debug|Any CPU.ActiveCfg = Debug|Any CPU
		{084680A6-6242-4822-A24F-7A30B694D281}.Debug|Any CPU.Build.0 = Debug|Any CPU
		{084680A6-6242-4822-A24F-7A30B694D281}.Release|Any CPU.ActiveCfg = Release|Any CPU
		{084680A6-6242-4822-A24F-7A30B694D281}.Release|Any CPU.Build.0 = Release|Any CPU
		{B00D040A-DAE2-4552-9B73-3D34BACA8CB5}.Debug|Any CPU.ActiveCfg = Debug|Any CPU
		{B00D040A-DAE2-4552-9B73-3D34BACA8CB5}.Debug|Any CPU.Build.0 = Debug|Any CPU
		{B00D040A-DAE2-4552-9B73-3D34BACA8CB5}.Release|Any CPU.ActiveCfg = Release|Any CPU
		{B00D040A-DAE2-4552-9B73-3D34BACA8CB5}.Release|Any CPU.Build.0 = Release|Any CPU
		{55D459A6-2CA3-43D1-A2DD-21089F356649}.Debug|Any CPU.ActiveCfg = Debug|Any CPU
		{55D459A6-2CA3-43D1-A2DD-21089F356649}.Debug|Any CPU.Build.0 = Debug|Any CPU
		{55D459A6-2CA3-43D1-A2DD-21089F356649}.Release|Any CPU.ActiveCfg = Release|Any CPU
		{55D459A6-2CA3-43D1-A2DD-21089F356649}.Release|Any CPU.Build.0 = Release|Any CPU
	EndGlobalSection
	GlobalSection(SolutionProperties) = preSolution
		HideSolutionNode = FALSE
	EndGlobalSection
	GlobalSection(NestedProjects) = preSolution
		{B5FFBD61-AAC0-47C8-A327-7B761609C31E} = {30B3A8C7-CB2B-4B7D-BA47-3CDFF2FF01F2}
		{97F4371E-43FF-4E45-BAAA-8A89FABC71B5} = {30B3A8C7-CB2B-4B7D-BA47-3CDFF2FF01F2}
		{084680A6-6242-4822-A24F-7A30B694D281} = {30B3A8C7-CB2B-4B7D-BA47-3CDFF2FF01F2}
		{B00D040A-DAE2-4552-9B73-3D34BACA8CB5} = {35BA7B82-46D4-4996-B57D-9BFC348190E2}
		{55D459A6-2CA3-43D1-A2DD-21089F356649} = {76025202-3E54-4B54-AD3C-C6E69F67F845}
	EndGlobalSection
	GlobalSection(ExtensibilityGlobals) = postSolution
		SolutionGuid = {CC436A70-DE40-4763-8D7D-FA123910DB97}
	EndGlobalSection
EndGlobal
